
Microsoft Visual Studio Solution File, Format Version 12.00
# Visual Studio Version 17
VisualStudioVersion = 17.0.31903.59
MinimumVisualStudioVersion = 10.0.40219.1
Project("{888888A0-9F3D-457C-B088-3A5042F75D52}") = "zeno2qt", "zeno2qt.pyproj", "{C57D13B4-07FF-43B3-8449-F467F947BD45}"
EndProject
Global
	GlobalSection(SolutionConfigurationPlatforms) = preSolution
		Debug|Any CPU = Debug|Any CPU
		Release|Any CPU = Release|Any CPU
	EndGlobalSection
	GlobalSection(ProjectConfigurationPlatforms) = postSolution
		{C57D13B4-07FF-43B3-8449-F467F947BD45}.Debug|Any CPU.ActiveCfg = Debug|Any CPU
		{C57D13B4-07FF-43B3-8449-F467F947BD45}.Release|Any CPU.ActiveCfg = Release|Any CPU
	EndGlobalSection
	GlobalSection(SolutionProperties) = preSolution
		HideSolutionNode = FALSE
	EndGlobalSection
	GlobalSection(ExtensibilityGlobals) = postSolution
		SolutionGuid = {0AF5789F-674B-4234-B3A0-2878101E1119}
	EndGlobalSection
EndGlobal
